
Microsoft Visual Studio Solution File, Format Version 12.00
# Visual Studio Version 16
VisualStudioVersion = 16.0.32002.261
MinimumVisualStudioVersion = 10.0.40219.1
Project("{FAE04EC0-301F-11D3-BF4B-00C04F79EFBC}") = "BlazorBattles.Server", "BlazorBattles\Server\BlazorBattles.Server.csproj", "{2F7D00E4-9E56-4F46-98C6-F96D498C5EAF}"
EndProject
Project("{FAE04EC0-301F-11D3-BF4B-00C04F79EFBC}") = "BlazorBattles.Client", "BlazorBattles\Client\BlazorBattles.Client.csproj", "{D6039700-A180-4DED-87FC-003B2ACA8BBB}"
EndProject
Project("{FAE04EC0-301F-11D3-BF4B-00C04F79EFBC}") = "BlazorBattles.Shared", "BlazorBattles\Shared\BlazorBattles.Shared.csproj", "{C9130010-1154-4658-935C-D15E359DFE28}"
EndProject
Global
	GlobalSection(SolutionConfigurationPlatforms) = preSolution
		Debug|Any CPU = Debug|Any CPU
		Release|Any CPU = Release|Any CPU
	EndGlobalSection
	GlobalSection(ProjectConfigurationPlatforms) = postSolution
		{2F7D00E4-9E56-4F46-98C6-F96D498C5EAF}.Debug|Any CPU.ActiveCfg = Debug|Any CPU
		{2F7D00E4-9E56-4F46-98C6-F96D498C5EAF}.Debug|Any CPU.Build.0 = Debug|Any CPU
		{2F7D00E4-9E56-4F46-98C6-F96D498C5EAF}.Release|Any CPU.ActiveCfg = Release|Any CPU
		{2F7D00E4-9E56-4F46-98C6-F96D498C5EAF}.Release|Any CPU.Build.0 = Release|Any CPU
		{D6039700-A180-4DED-87FC-003B2ACA8BBB}.Debug|Any CPU.ActiveCfg = Debug|Any CPU
		{D6039700-A180-4DED-87FC-003B2ACA8BBB}.Debug|Any CPU.Build.0 = Debug|Any CPU
		{D6039700-A180-4DED-87FC-003B2ACA8BBB}.Release|Any CPU.ActiveCfg = Release|Any CPU
		{D6039700-A180-4DED-87FC-003B2ACA8BBB}.Release|Any CPU.Build.0 = Release|Any CPU
		{C9130010-1154-4658-935C-D15E359DFE28}.Debug|Any CPU.ActiveCfg = Debug|Any CPU
		{C9130010-1154-4658-935C-D15E359DFE28}.Debug|Any CPU.Build.0 = Debug|Any CPU
		{C9130010-1154-4658-935C-D15E359DFE28}.Release|Any CPU.ActiveCfg = Release|Any CPU
		{C9130010-1154-4658-935C-D15E359DFE28}.Release|Any CPU.Build.0 = Release|Any CPU
	EndGlobalSection
	GlobalSection(SolutionProperties) = preSolution
		HideSolutionNode = FALSE
	EndGlobalSection
	GlobalSection(ExtensibilityGlobals) = postSolution
		SolutionGuid = {80E5A869-16A7-4D54-A1FD-0AB790287312}
	EndGlobalSection
EndGlobal
